// !$*UTF8*$!
{
	archiveVersion = 1;
	classes = {
	};
	objectVersion = 56;
	objects = {

/* Begin PBXBuildFile section */
		07B102F62ABA968500257B7B /* The_Ray_Tracer_ChallengeApp.swift in Sources */ = {isa = PBXBuildFile; fileRef = 07B102F52ABA968500257B7B /* The_Ray_Tracer_ChallengeApp.swift */; };
		07B102F82ABA968500257B7B /* ContentView.swift in Sources */ = {isa = PBXBuildFile; fileRef = 07B102F72ABA968500257B7B /* ContentView.swift */; };
		07B102FA2ABA968600257B7B /* Assets.xcassets in Resources */ = {isa = PBXBuildFile; fileRef = 07B102F92ABA968600257B7B /* Assets.xcassets */; };
		07B102FD2ABA968600257B7B /* Preview Assets.xcassets in Resources */ = {isa = PBXBuildFile; fileRef = 07B102FC2ABA968600257B7B /* Preview Assets.xcassets */; };
		07B103082ABA968600257B7B /* The_Ray_Tracer_ChallengeTests.swift in Sources */ = {isa = PBXBuildFile; fileRef = 07B103072ABA968600257B7B /* The_Ray_Tracer_ChallengeTests.swift */; };
		07B103122ABA968600257B7B /* The_Ray_Tracer_ChallengeUITests.swift in Sources */ = {isa = PBXBuildFile; fileRef = 07B103112ABA968600257B7B /* The_Ray_Tracer_ChallengeUITests.swift */; };
		07B103142ABA968600257B7B /* The_Ray_Tracer_ChallengeUITestsLaunchTests.swift in Sources */ = {isa = PBXBuildFile; fileRef = 07B103132ABA968600257B7B /* The_Ray_Tracer_ChallengeUITestsLaunchTests.swift */; };
		07B103212ABBD84700257B7B /* TupleTests.swift in Sources */ = {isa = PBXBuildFile; fileRef = 07B103202ABBD84700257B7B /* TupleTests.swift */; };
		07B103232ABBDCE000257B7B /* Tuple.swift in Sources */ = {isa = PBXBuildFile; fileRef = 07B103222ABBDCE000257B7B /* Tuple.swift */; };
/* End PBXBuildFile section */

/* Begin PBXContainerItemProxy section */
		07B103042ABA968600257B7B /* PBXContainerItemProxy */ = {
			isa = PBXContainerItemProxy;
			containerPortal = 07B102EA2ABA968500257B7B /* Project object */;
			proxyType = 1;
			remoteGlobalIDString = 07B102F12ABA968500257B7B;
			remoteInfo = "The Ray Tracer Challenge";
		};
		07B1030E2ABA968600257B7B /* PBXContainerItemProxy */ = {
			isa = PBXContainerItemProxy;
			containerPortal = 07B102EA2ABA968500257B7B /* Project object */;
			proxyType = 1;
			remoteGlobalIDString = 07B102F12ABA968500257B7B;
			remoteInfo = "The Ray Tracer Challenge";
		};
/* End PBXContainerItemProxy section */

/* Begin PBXFileReference section */
		07B102F22ABA968500257B7B /* The Ray Tracer Challenge.app */ = {isa = PBXFileReference; explicitFileType = wrapper.application; includeInIndex = 0; path = "The Ray Tracer Challenge.app"; sourceTree = BUILT_PRODUCTS_DIR; };
		07B102F52ABA968500257B7B /* The_Ray_Tracer_ChallengeApp.swift */ = {isa = PBXFileReference; lastKnownFileType = sourcecode.swift; path = The_Ray_Tracer_ChallengeApp.swift; sourceTree = "<group>"; };
		07B102F72ABA968500257B7B /* ContentView.swift */ = {isa = PBXFileReference; lastKnownFileType = sourcecode.swift; path = ContentView.swift; sourceTree = "<group>"; };
		07B102F92ABA968600257B7B /* Assets.xcassets */ = {isa = PBXFileReference; lastKnownFileType = folder.assetcatalog; path = Assets.xcassets; sourceTree = "<group>"; };
		07B102FC2ABA968600257B7B /* Preview Assets.xcassets */ = {isa = PBXFileReference; lastKnownFileType = folder.assetcatalog; path = "Preview Assets.xcassets"; sourceTree = "<group>"; };
		07B102FE2ABA968600257B7B /* The_Ray_Tracer_Challenge.entitlements */ = {isa = PBXFileReference; lastKnownFileType = text.plist.entitlements; path = The_Ray_Tracer_Challenge.entitlements; sourceTree = "<group>"; };
		07B103032ABA968600257B7B /* The Ray Tracer ChallengeTests.xctest */ = {isa = PBXFileReference; explicitFileType = wrapper.cfbundle; includeInIndex = 0; path = "The Ray Tracer ChallengeTests.xctest"; sourceTree = BUILT_PRODUCTS_DIR; };
		07B103072ABA968600257B7B /* The_Ray_Tracer_ChallengeTests.swift */ = {isa = PBXFileReference; lastKnownFileType = sourcecode.swift; path = The_Ray_Tracer_ChallengeTests.swift; sourceTree = "<group>"; };
		07B1030D2ABA968600257B7B /* The Ray Tracer ChallengeUITests.xctest */ = {isa = PBXFileReference; explicitFileType = wrapper.cfbundle; includeInIndex = 0; path = "The Ray Tracer ChallengeUITests.xctest"; sourceTree = BUILT_PRODUCTS_DIR; };
		07B103112ABA968600257B7B /* The_Ray_Tracer_ChallengeUITests.swift */ = {isa = PBXFileReference; lastKnownFileType = sourcecode.swift; path = The_Ray_Tracer_ChallengeUITests.swift; sourceTree = "<group>"; };
		07B103132ABA968600257B7B /* The_Ray_Tracer_ChallengeUITestsLaunchTests.swift */ = {isa = PBXFileReference; lastKnownFileType = sourcecode.swift; path = The_Ray_Tracer_ChallengeUITestsLaunchTests.swift; sourceTree = "<group>"; };
		07B103202ABBD84700257B7B /* TupleTests.swift */ = {isa = PBXFileReference; lastKnownFileType = sourcecode.swift; path = TupleTests.swift; sourceTree = "<group>"; };
		07B103222ABBDCE000257B7B /* Tuple.swift */ = {isa = PBXFileReference; lastKnownFileType = sourcecode.swift; path = Tuple.swift; sourceTree = "<group>"; };
/* End PBXFileReference section */

/* Begin PBXFrameworksBuildPhase section */
		07B102EF2ABA968500257B7B /* Frameworks */ = {
			isa = PBXFrameworksBuildPhase;
			buildActionMask = 2147483647;
			files = (
			);
			runOnlyForDeploymentPostprocessing = 0;
		};
		07B103002ABA968600257B7B /* Frameworks */ = {
			isa = PBXFrameworksBuildPhase;
			buildActionMask = 2147483647;
			files = (
			);
			runOnlyForDeploymentPostprocessing = 0;
		};
		07B1030A2ABA968600257B7B /* Frameworks */ = {
			isa = PBXFrameworksBuildPhase;
			buildActionMask = 2147483647;
			files = (
			);
			runOnlyForDeploymentPostprocessing = 0;
		};
/* End PBXFrameworksBuildPhase section */

/* Begin PBXGroup section */
		07B102E92ABA968500257B7B = {
			isa = PBXGroup;
			children = (
				07B102F42ABA968500257B7B /* The Ray Tracer Challenge */,
				07B103062ABA968600257B7B /* The Ray Tracer ChallengeTests */,
				07B103102ABA968600257B7B /* The Ray Tracer ChallengeUITests */,
				07B102F32ABA968500257B7B /* Products */,
			);
			sourceTree = "<group>";
		};
		07B102F32ABA968500257B7B /* Products */ = {
			isa = PBXGroup;
			children = (
				07B102F22ABA968500257B7B /* The Ray Tracer Challenge.app */,
				07B103032ABA968600257B7B /* The Ray Tracer ChallengeTests.xctest */,
				07B1030D2ABA968600257B7B /* The Ray Tracer ChallengeUITests.xctest */,
			);
			name = Products;
			sourceTree = "<group>";
		};
		07B102F42ABA968500257B7B /* The Ray Tracer Challenge */ = {
			isa = PBXGroup;
			children = (
				07B102F52ABA968500257B7B /* The_Ray_Tracer_ChallengeApp.swift */,
				07B103222ABBDCE000257B7B /* Tuple.swift */,
				07B102F72ABA968500257B7B /* ContentView.swift */,
				07B102F92ABA968600257B7B /* Assets.xcassets */,
				07B102FE2ABA968600257B7B /* The_Ray_Tracer_Challenge.entitlements */,
				07B102FB2ABA968600257B7B /* Preview Content */,
			);
			path = "The Ray Tracer Challenge";
			sourceTree = "<group>";
		};
		07B102FB2ABA968600257B7B /* Preview Content */ = {
			isa = PBXGroup;
			children = (
				07B102FC2ABA968600257B7B /* Preview Assets.xcassets */,
			);
			path = "Preview Content";
			sourceTree = "<group>";
		};
		07B103062ABA968600257B7B /* The Ray Tracer ChallengeTests */ = {
			isa = PBXGroup;
			children = (
				07B103072ABA968600257B7B /* The_Ray_Tracer_ChallengeTests.swift */,
				07B103202ABBD84700257B7B /* TupleTests.swift */,
			);
			path = "The Ray Tracer ChallengeTests";
			sourceTree = "<group>";
		};
		07B103102ABA968600257B7B /* The Ray Tracer ChallengeUITests */ = {
			isa = PBXGroup;
			children = (
				07B103112ABA968600257B7B /* The_Ray_Tracer_ChallengeUITests.swift */,
				07B103132ABA968600257B7B /* The_Ray_Tracer_ChallengeUITestsLaunchTests.swift */,
			);
			path = "The Ray Tracer ChallengeUITests";
			sourceTree = "<group>";
		};
/* End PBXGroup section */

/* Begin PBXNativeTarget section */
		07B102F12ABA968500257B7B /* The Ray Tracer Challenge */ = {
			isa = PBXNativeTarget;
			buildConfigurationList = 07B103172ABA968600257B7B /* Build configuration list for PBXNativeTarget "The Ray Tracer Challenge" */;
			buildPhases = (
				07B102EE2ABA968500257B7B /* Sources */,
				07B102EF2ABA968500257B7B /* Frameworks */,
				07B102F02ABA968500257B7B /* Resources */,
			);
			buildRules = (
			);
			dependencies = (
			);
			name = "The Ray Tracer Challenge";
			productName = "The Ray Tracer Challenge";
			productReference = 07B102F22ABA968500257B7B /* The Ray Tracer Challenge.app */;
			productType = "com.apple.product-type.application";
		};
		07B103022ABA968600257B7B /* The Ray Tracer ChallengeTests */ = {
			isa = PBXNativeTarget;
			buildConfigurationList = 07B1031A2ABA968600257B7B /* Build configuration list for PBXNativeTarget "The Ray Tracer ChallengeTests" */;
			buildPhases = (
				07B102FF2ABA968600257B7B /* Sources */,
				07B103002ABA968600257B7B /* Frameworks */,
				07B103012ABA968600257B7B /* Resources */,
			);
			buildRules = (
			);
			dependencies = (
				07B103052ABA968600257B7B /* PBXTargetDependency */,
			);
			name = "The Ray Tracer ChallengeTests";
			productName = "The Ray Tracer ChallengeTests";
			productReference = 07B103032ABA968600257B7B /* The Ray Tracer ChallengeTests.xctest */;
			productType = "com.apple.product-type.bundle.unit-test";
		};
		07B1030C2ABA968600257B7B /* The Ray Tracer ChallengeUITests */ = {
			isa = PBXNativeTarget;
			buildConfigurationList = 07B1031D2ABA968600257B7B /* Build configuration list for PBXNativeTarget "The Ray Tracer ChallengeUITests" */;
			buildPhases = (
				07B103092ABA968600257B7B /* Sources */,
				07B1030A2ABA968600257B7B /* Frameworks */,
				07B1030B2ABA968600257B7B /* Resources */,
			);
			buildRules = (
			);
			dependencies = (
				07B1030F2ABA968600257B7B /* PBXTargetDependency */,
			);
			name = "The Ray Tracer ChallengeUITests";
			productName = "The Ray Tracer ChallengeUITests";
			productReference = 07B1030D2ABA968600257B7B /* The Ray Tracer ChallengeUITests.xctest */;
			productType = "com.apple.product-type.bundle.ui-testing";
		};
/* End PBXNativeTarget section */

/* Begin PBXProject section */
		07B102EA2ABA968500257B7B /* Project object */ = {
			isa = PBXProject;
			attributes = {
				BuildIndependentTargetsInParallel = 1;
				LastSwiftUpdateCheck = 1500;
				LastUpgradeCheck = 1500;
				TargetAttributes = {
					07B102F12ABA968500257B7B = {
						CreatedOnToolsVersion = 15.0;
					};
					07B103022ABA968600257B7B = {
						CreatedOnToolsVersion = 15.0;
						TestTargetID = 07B102F12ABA968500257B7B;
					};
					07B1030C2ABA968600257B7B = {
						CreatedOnToolsVersion = 15.0;
						TestTargetID = 07B102F12ABA968500257B7B;
					};
				};
			};
			buildConfigurationList = 07B102ED2ABA968500257B7B /* Build configuration list for PBXProject "The Ray Tracer Challenge" */;
			compatibilityVersion = "Xcode 14.0";
			developmentRegion = en;
			hasScannedForEncodings = 0;
			knownRegions = (
				en,
				Base,
			);
			mainGroup = 07B102E92ABA968500257B7B;
			productRefGroup = 07B102F32ABA968500257B7B /* Products */;
			projectDirPath = "";
			projectRoot = "";
			targets = (
				07B102F12ABA968500257B7B /* The Ray Tracer Challenge */,
				07B103022ABA968600257B7B /* The Ray Tracer ChallengeTests */,
				07B1030C2ABA968600257B7B /* The Ray Tracer ChallengeUITests */,
			);
		};
/* End PBXProject section */

/* Begin PBXResourcesBuildPhase section */
		07B102F02ABA968500257B7B /* Resources */ = {
			isa = PBXResourcesBuildPhase;
			buildActionMask = 2147483647;
			files = (
				07B102FD2ABA968600257B7B /* Preview Assets.xcassets in Resources */,
				07B102FA2ABA968600257B7B /* Assets.xcassets in Resources */,
			);
			runOnlyForDeploymentPostprocessing = 0;
		};
		07B103012ABA968600257B7B /* Resources */ = {
			isa = PBXResourcesBuildPhase;
			buildActionMask = 2147483647;
			files = (
			);
			runOnlyForDeploymentPostprocessing = 0;
		};
		07B1030B2ABA968600257B7B /* Resources */ = {
			isa = PBXResourcesBuildPhase;
			buildActionMask = 2147483647;
			files = (
			);
			runOnlyForDeploymentPostprocessing = 0;
		};
/* End PBXResourcesBuildPhase section */

/* Begin PBXSourcesBuildPhase section */
		07B102EE2ABA968500257B7B /* Sources */ = {
			isa = PBXSourcesBuildPhase;
			buildActionMask = 2147483647;
			files = (
				07B102F82ABA968500257B7B /* ContentView.swift in Sources */,
				07B103232ABBDCE000257B7B /* Tuple.swift in Sources */,
				07B102F62ABA968500257B7B /* The_Ray_Tracer_ChallengeApp.swift in Sources */,
			);
			runOnlyForDeploymentPostprocessing = 0;
		};
		07B102FF2ABA968600257B7B /* Sources */ = {
			isa = PBXSourcesBuildPhase;
			buildActionMask = 2147483647;
			files = (
				07B103212ABBD84700257B7B /* TupleTests.swift in Sources */,
				07B103082ABA968600257B7B /* The_Ray_Tracer_ChallengeTests.swift in Sources */,
			);
			runOnlyForDeploymentPostprocessing = 0;
		};
		07B103092ABA968600257B7B /* Sources */ = {
			isa = PBXSourcesBuildPhase;
			buildActionMask = 2147483647;
			files = (
				07B103142ABA968600257B7B /* The_Ray_Tracer_ChallengeUITestsLaunchTests.swift in Sources */,
				07B103122ABA968600257B7B /* The_Ray_Tracer_ChallengeUITests.swift in Sources */,
			);
			runOnlyForDeploymentPostprocessing = 0;
		};
/* End PBXSourcesBuildPhase section */

/* Begin PBXTargetDependency section */
		07B103052ABA968600257B7B /* PBXTargetDependency */ = {
			isa = PBXTargetDependency;
			target = 07B102F12ABA968500257B7B /* The Ray Tracer Challenge */;
			targetProxy = 07B103042ABA968600257B7B /* PBXContainerItemProxy */;
		};
		07B1030F2ABA968600257B7B /* PBXTargetDependency */ = {
			isa = PBXTargetDependency;
			target = 07B102F12ABA968500257B7B /* The Ray Tracer Challenge */;
			targetProxy = 07B1030E2ABA968600257B7B /* PBXContainerItemProxy */;
		};
/* End PBXTargetDependency section */

/* Begin XCBuildConfiguration section */
		07B103152ABA968600257B7B /* Debug */ = {
			isa = XCBuildConfiguration;
			buildSettings = {
				ALWAYS_SEARCH_USER_PATHS = NO;
				ASSETCATALOG_COMPILER_GENERATE_SWIFT_ASSET_SYMBOL_EXTENSIONS = YES;
				CLANG_ANALYZER_NONNULL = YES;
				CLANG_ANALYZER_NUMBER_OBJECT_CONVERSION = YES_AGGRESSIVE;
				CLANG_CXX_LANGUAGE_STANDARD = "gnu++20";
				CLANG_ENABLE_MODULES = YES;
				CLANG_ENABLE_OBJC_ARC = YES;
				CLANG_ENABLE_OBJC_WEAK = YES;
				CLANG_WARN_BLOCK_CAPTURE_AUTORELEASING = YES;
				CLANG_WARN_BOOL_CONVERSION = YES;
				CLANG_WARN_COMMA = YES;
				CLANG_WARN_CONSTANT_CONVERSION = YES;
				CLANG_WARN_DEPRECATED_OBJC_IMPLEMENTATIONS = YES;
				CLANG_WARN_DIRECT_OBJC_ISA_USAGE = YES_ERROR;
				CLANG_WARN_DOCUMENTATION_COMMENTS = YES;
				CLANG_WARN_EMPTY_BODY = YES;
				CLANG_WARN_ENUM_CONVERSION = YES;
				CLANG_WARN_INFINITE_RECURSION = YES;
				CLANG_WARN_INT_CONVERSION = YES;
				CLANG_WARN_NON_LITERAL_NULL_CONVERSION = YES;
				CLANG_WARN_OBJC_IMPLICIT_RETAIN_SELF = YES;
				CLANG_WARN_OBJC_LITERAL_CONVERSION = YES;
				CLANG_WARN_OBJC_ROOT_CLASS = YES_ERROR;
				CLANG_WARN_QUOTED_INCLUDE_IN_FRAMEWORK_HEADER = YES;
				CLANG_WARN_RANGE_LOOP_ANALYSIS = YES;
				CLANG_WARN_STRICT_PROTOTYPES = YES;
				CLANG_WARN_SUSPICIOUS_MOVE = YES;
				CLANG_WARN_UNGUARDED_AVAILABILITY = YES_AGGRESSIVE;
				CLANG_WARN_UNREACHABLE_CODE = YES;
				CLANG_WARN__DUPLICATE_METHOD_MATCH = YES;
				COPY_PHASE_STRIP = NO;
				DEBUG_INFORMATION_FORMAT = dwarf;
				ENABLE_STRICT_OBJC_MSGSEND = YES;
				ENABLE_TESTABILITY = YES;
				ENABLE_USER_SCRIPT_SANDBOXING = YES;
				GCC_C_LANGUAGE_STANDARD = gnu17;
				GCC_DYNAMIC_NO_PIC = NO;
				GCC_NO_COMMON_BLOCKS = YES;
				GCC_OPTIMIZATION_LEVEL = 0;
				GCC_PREPROCESSOR_DEFINITIONS = (
					"DEBUG=1",
					"$(inherited)",
				);
				GCC_WARN_64_TO_32_BIT_CONVERSION = YES;
				GCC_WARN_ABOUT_RETURN_TYPE = YES_ERROR;
				GCC_WARN_UNDECLARED_SELECTOR = YES;
				GCC_WARN_UNINITIALIZED_AUTOS = YES_AGGRESSIVE;
				GCC_WARN_UNUSED_FUNCTION = YES;
				GCC_WARN_UNUSED_VARIABLE = YES;
				LOCALIZATION_PREFERS_STRING_CATALOGS = YES;
				MACOSX_DEPLOYMENT_TARGET = 13.5;
				MTL_ENABLE_DEBUG_INFO = INCLUDE_SOURCE;
				MTL_FAST_MATH = YES;
				ONLY_ACTIVE_ARCH = YES;
				SDKROOT = macosx;
				SWIFT_ACTIVE_COMPILATION_CONDITIONS = "DEBUG $(inherited)";
				SWIFT_OPTIMIZATION_LEVEL = "-Onone";
			};
			name = Debug;
		};
		07B103162ABA968600257B7B /* Release */ = {
			isa = XCBuildConfiguration;
			buildSettings = {
				ALWAYS_SEARCH_USER_PATHS = NO;
				ASSETCATALOG_COMPILER_GENERATE_SWIFT_ASSET_SYMBOL_EXTENSIONS = YES;
				CLANG_ANALYZER_NONNULL = YES;
				CLANG_ANALYZER_NUMBER_OBJECT_CONVERSION = YES_AGGRESSIVE;
				CLANG_CXX_LANGUAGE_STANDARD = "gnu++20";
				CLANG_ENABLE_MODULES = YES;
				CLANG_ENABLE_OBJC_ARC = YES;
				CLANG_ENABLE_OBJC_WEAK = YES;
				CLANG_WARN_BLOCK_CAPTURE_AUTORELEASING = YES;
				CLANG_WARN_BOOL_CONVERSION = YES;
				CLANG_WARN_COMMA = YES;
				CLANG_WARN_CONSTANT_CONVERSION = YES;
				CLANG_WARN_DEPRECATED_OBJC_IMPLEMENTATIONS = YES;
				CLANG_WARN_DIRECT_OBJC_ISA_USAGE = YES_ERROR;
				CLANG_WARN_DOCUMENTATION_COMMENTS = YES;
				CLANG_WARN_EMPTY_BODY = YES;
				CLANG_WARN_ENUM_CONVERSION = YES;
				CLANG_WARN_INFINITE_RECURSION = YES;
				CLANG_WARN_INT_CONVERSION = YES;
				CLANG_WARN_NON_LITERAL_NULL_CONVERSION = YES;
				CLANG_WARN_OBJC_IMPLICIT_RETAIN_SELF = YES;
				CLANG_WARN_OBJC_LITERAL_CONVERSION = YES;
				CLANG_WARN_OBJC_ROOT_CLASS = YES_ERROR;
				CLANG_WARN_QUOTED_INCLUDE_IN_FRAMEWORK_HEADER = YES;
				CLANG_WARN_RANGE_LOOP_ANALYSIS = YES;
				CLANG_WARN_STRICT_PROTOTYPES = YES;
				CLANG_WARN_SUSPICIOUS_MOVE = YES;
				CLANG_WARN_UNGUARDED_AVAILABILITY = YES_AGGRESSIVE;
				CLANG_WARN_UNREACHABLE_CODE = YES;
				CLANG_WARN__DUPLICATE_METHOD_MATCH = YES;
				COPY_PHASE_STRIP = NO;
				DEBUG_INFORMATION_FORMAT = "dwarf-with-dsym";
				ENABLE_NS_ASSERTIONS = NO;
				ENABLE_STRICT_OBJC_MSGSEND = YES;
				ENABLE_USER_SCRIPT_SANDBOXING = YES;
				GCC_C_LANGUAGE_STANDARD = gnu17;
				GCC_NO_COMMON_BLOCKS = YES;
				GCC_WARN_64_TO_32_BIT_CONVERSION = YES;
				GCC_WARN_ABOUT_RETURN_TYPE = YES_ERROR;
				GCC_WARN_UNDECLARED_SELECTOR = YES;
				GCC_WARN_UNINITIALIZED_AUTOS = YES_AGGRESSIVE;
				GCC_WARN_UNUSED_FUNCTION = YES;
				GCC_WARN_UNUSED_VARIABLE = YES;
				LOCALIZATION_PREFERS_STRING_CATALOGS = YES;
				MACOSX_DEPLOYMENT_TARGET = 13.5;
				MTL_ENABLE_DEBUG_INFO = NO;
				MTL_FAST_MATH = YES;
				SDKROOT = macosx;
				SWIFT_COMPILATION_MODE = wholemodule;
			};
			name = Release;
		};
		07B103182ABA968600257B7B /* Debug */ = {
			isa = XCBuildConfiguration;
			buildSettings = {
				ASSETCATALOG_COMPILER_APPICON_NAME = AppIcon;
				ASSETCATALOG_COMPILER_GLOBAL_ACCENT_COLOR_NAME = AccentColor;
				CODE_SIGN_ENTITLEMENTS = "The Ray Tracer Challenge/The_Ray_Tracer_Challenge.entitlements";
				CODE_SIGN_STYLE = Automatic;
				COMBINE_HIDPI_IMAGES = YES;
				CURRENT_PROJECT_VERSION = 1;
				DEVELOPMENT_ASSET_PATHS = "\"The Ray Tracer Challenge/Preview Content\"";
				DEVELOPMENT_TEAM = 9L9B8KTP33;
				ENABLE_HARDENED_RUNTIME = YES;
				ENABLE_PREVIEWS = YES;
				GENERATE_INFOPLIST_FILE = YES;
				INFOPLIST_KEY_NSHumanReadableCopyright = "";
				LD_RUNPATH_SEARCH_PATHS = (
					"$(inherited)",
					"@executable_path/../Frameworks",
				);
				MARKETING_VERSION = 1.0;
				PRODUCT_BUNDLE_IDENTIFIER = "fish.sunny.eric.The-Ray-Tracer-Challenge";
				PRODUCT_NAME = "$(TARGET_NAME)";
				SWIFT_EMIT_LOC_STRINGS = YES;
				SWIFT_VERSION = 5.0;
			};
			name = Debug;
		};
		07B103192ABA968600257B7B /* Release */ = {
			isa = XCBuildConfiguration;
			buildSettings = {
				ASSETCATALOG_COMPILER_APPICON_NAME = AppIcon;
				ASSETCATALOG_COMPILER_GLOBAL_ACCENT_COLOR_NAME = AccentColor;
				CODE_SIGN_ENTITLEMENTS = "The Ray Tracer Challenge/The_Ray_Tracer_Challenge.entitlements";
				CODE_SIGN_STYLE = Automatic;
				COMBINE_HIDPI_IMAGES = YES;
				CURRENT_PROJECT_VERSION = 1;
				DEVELOPMENT_ASSET_PATHS = "\"The Ray Tracer Challenge/Preview Content\"";
				DEVELOPMENT_TEAM = 9L9B8KTP33;
				ENABLE_HARDENED_RUNTIME = YES;
				ENABLE_PREVIEWS = YES;
				GENERATE_INFOPLIST_FILE = YES;
				INFOPLIST_KEY_NSHumanReadableCopyright = "";
				LD_RUNPATH_SEARCH_PATHS = (
					"$(inherited)",
					"@executable_path/../Frameworks",
				);
				MARKETING_VERSION = 1.0;
				PRODUCT_BUNDLE_IDENTIFIER = "fish.sunny.eric.The-Ray-Tracer-Challenge";
				PRODUCT_NAME = "$(TARGET_NAME)";
				SWIFT_EMIT_LOC_STRINGS = YES;
				SWIFT_VERSION = 5.0;
			};
			name = Release;
		};
		07B1031B2ABA968600257B7B /* Debug */ = {
			isa = XCBuildConfiguration;
			buildSettings = {
				ALWAYS_EMBED_SWIFT_STANDARD_LIBRARIES = YES;
				BUNDLE_LOADER = "$(TEST_HOST)";
				CODE_SIGN_STYLE = Automatic;
				CURRENT_PROJECT_VERSION = 1;
				DEVELOPMENT_TEAM = 9L9B8KTP33;
				GENERATE_INFOPLIST_FILE = YES;
				MACOSX_DEPLOYMENT_TARGET = 13.5;
				MARKETING_VERSION = 1.0;
				PRODUCT_BUNDLE_IDENTIFIER = "fish.sunny.eric.The-Ray-Tracer-ChallengeTests";
				PRODUCT_NAME = "$(TARGET_NAME)";
				SWIFT_EMIT_LOC_STRINGS = NO;
				SWIFT_VERSION = 5.0;
				TEST_HOST = "$(BUILT_PRODUCTS_DIR)/The Ray Tracer Challenge.app/$(BUNDLE_EXECUTABLE_FOLDER_PATH)/The Ray Tracer Challenge";
			};
			name = Debug;
		};
		07B1031C2ABA968600257B7B /* Release */ = {
			isa = XCBuildConfiguration;
			buildSettings = {
				ALWAYS_EMBED_SWIFT_STANDARD_LIBRARIES = YES;
				BUNDLE_LOADER = "$(TEST_HOST)";
				CODE_SIGN_STYLE = Automatic;
				CURRENT_PROJECT_VERSION = 1;
				DEVELOPMENT_TEAM = 9L9B8KTP33;
				GENERATE_INFOPLIST_FILE = YES;
				MACOSX_DEPLOYMENT_TARGET = 13.5;
				MARKETING_VERSION = 1.0;
				PRODUCT_BUNDLE_IDENTIFIER = "fish.sunny.eric.The-Ray-Tracer-ChallengeTests";
				PRODUCT_NAME = "$(TARGET_NAME)";
				SWIFT_EMIT_LOC_STRINGS = NO;
				SWIFT_VERSION = 5.0;
				TEST_HOST = "$(BUILT_PRODUCTS_DIR)/The Ray Tracer Challenge.app/$(BUNDLE_EXECUTABLE_FOLDER_PATH)/The Ray Tracer Challenge";
			};
			name = Release;
		};
		07B1031E2ABA968600257B7B /* Debug */ = {
			isa = XCBuildConfiguration;
			buildSettings = {
				ALWAYS_EMBED_SWIFT_STANDARD_LIBRARIES = YES;
				CODE_SIGN_STYLE = Automatic;
				CURRENT_PROJECT_VERSION = 1;
				DEVELOPMENT_TEAM = 9L9B8KTP33;
				GENERATE_INFOPLIST_FILE = YES;
				MARKETING_VERSION = 1.0;
				PRODUCT_BUNDLE_IDENTIFIER = "fish.sunny.eric.The-Ray-Tracer-ChallengeUITests";
				PRODUCT_NAME = "$(TARGET_NAME)";
				SWIFT_EMIT_LOC_STRINGS = NO;
				SWIFT_VERSION = 5.0;
				TEST_TARGET_NAME = "The Ray Tracer Challenge";
			};
			name = Debug;
		};
		07B1031F2ABA968600257B7B /* Release */ = {
			isa = XCBuildConfiguration;
			buildSettings = {
				ALWAYS_EMBED_SWIFT_STANDARD_LIBRARIES = YES;
				CODE_SIGN_STYLE = Automatic;
				CURRENT_PROJECT_VERSION = 1;
				DEVELOPMENT_TEAM = 9L9B8KTP33;
				GENERATE_INFOPLIST_FILE = YES;
				MARKETING_VERSION = 1.0;
				PRODUCT_BUNDLE_IDENTIFIER = "fish.sunny.eric.The-Ray-Tracer-ChallengeUITests";
				PRODUCT_NAME = "$(TARGET_NAME)";
				SWIFT_EMIT_LOC_STRINGS = NO;
				SWIFT_VERSION = 5.0;
				TEST_TARGET_NAME = "The Ray Tracer Challenge";
			};
			name = Release;
		};
/* End XCBuildConfiguration section */

/* Begin XCConfigurationList section */
		07B102ED2ABA968500257B7B /* Build configuration list for PBXProject "The Ray Tracer Challenge" */ = {
			isa = XCConfigurationList;
			buildConfigurations = (
				07B103152ABA968600257B7B /* Debug */,
				07B103162ABA968600257B7B /* Release */,
			);
			defaultConfigurationIsVisible = 0;
			defaultConfigurationName = Release;
		};
		07B103172ABA968600257B7B /* Build configuration list for PBXNativeTarget "The Ray Tracer Challenge" */ = {
			isa = XCConfigurationList;
			buildConfigurations = (
				07B103182ABA968600257B7B /* Debug */,
				07B103192ABA968600257B7B /* Release */,
			);
			defaultConfigurationIsVisible = 0;
			defaultConfigurationName = Release;
		};
		07B1031A2ABA968600257B7B /* Build configuration list for PBXNativeTarget "The Ray Tracer ChallengeTests" */ = {
			isa = XCConfigurationList;
			buildConfigurations = (
				07B1031B2ABA968600257B7B /* Debug */,
				07B1031C2ABA968600257B7B /* Release */,
			);
			defaultConfigurationIsVisible = 0;
			defaultConfigurationName = Release;
		};
		07B1031D2ABA968600257B7B /* Build configuration list for PBXNativeTarget "The Ray Tracer ChallengeUITests" */ = {
			isa = XCConfigurationList;
			buildConfigurations = (
				07B1031E2ABA968600257B7B /* Debug */,
				07B1031F2ABA968600257B7B /* Release */,
			);
			defaultConfigurationIsVisible = 0;
			defaultConfigurationName = Release;
		};
/* End XCConfigurationList section */
	};
	rootObject = 07B102EA2ABA968500257B7B /* Project object */;
}
